
Microsoft Visual Studio Solution File, Format Version 12.00
# Visual Studio Version 17
VisualStudioVersion = 17.3.32922.545
MinimumVisualStudioVersion = 10.0.40219.1
Project("{FAE04EC0-301F-11D3-BF4B-00C04F79EFBC}") = "LogUser", "LogUser\LogUser.csproj", "{C423CA57-8D2C-44B4-8485-7B42207707FA}"
EndProject
Global
	GlobalSection(SolutionConfigurationPlatforms) = preSolution
		Debug|Any CPU = Debug|Any CPU
		Release|Any CPU = Release|Any CPU
	EndGlobalSection
	GlobalSection(ProjectConfigurationPlatforms) = postSolution
		{C423CA57-8D2C-44B4-8485-7B42207707FA}.Debug|Any CPU.ActiveCfg = Debug|Any CPU
		{C423CA57-8D2C-44B4-8485-7B42207707FA}.Debug|Any CPU.Build.0 = Debug|Any CPU
		{C423CA57-8D2C-44B4-8485-7B42207707FA}.Release|Any CPU.ActiveCfg = Release|Any CPU
		{C423CA57-8D2C-44B4-8485-7B42207707FA}.Release|Any CPU.Build.0 = Release|Any CPU
	EndGlobalSection
	GlobalSection(SolutionProperties) = preSolution
		HideSolutionNode = FALSE
	EndGlobalSection
	GlobalSection(ExtensibilityGlobals) = postSolution
		SolutionGuid = {EB4A653F-B4E7-4D85-9C33-EA01EF1F39D3}
	EndGlobalSection
EndGlobal
